
Microsoft Visual Studio Solution File, Format Version 11.00
# Visual Studio 2010
Project("{FAE04EC0-301F-11D3-BF4B-00C04F79EFBC}") = "ThomyKay.SpecFlow", "ThomyKay.SpecFlow\ThomyKay.SpecFlow.csproj", "{20A2A744-C6EE-409B-AD3D-659844FAAA50}"
EndProject
Global
	GlobalSection(SolutionConfigurationPlatforms) = preSolution
		Debug|Any CPU = Debug|Any CPU
		Release|Any CPU = Release|Any CPU
	EndGlobalSection
	GlobalSection(ProjectConfigurationPlatforms) = postSolution
		{20A2A744-C6EE-409B-AD3D-659844FAAA50}.Debug|Any CPU.ActiveCfg = Debug|Any CPU
		{20A2A744-C6EE-409B-AD3D-659844FAAA50}.Debug|Any CPU.Build.0 = Debug|Any CPU
		{20A2A744-C6EE-409B-AD3D-659844FAAA50}.Release|Any CPU.ActiveCfg = Release|Any CPU
		{20A2A744-C6EE-409B-AD3D-659844FAAA50}.Release|Any CPU.Build.0 = Release|Any CPU
	EndGlobalSection
	GlobalSection(SolutionProperties) = preSolution
		HideSolutionNode = FALSE
	EndGlobalSection
EndGlobal
